<?xml version="1.0" encoding="utf-8"?>
<Project ToolsVersion="4.0" xmlns="http://schemas.microsoft.com/developer/msbuild/2003">
  <ItemGroup>
    <ClCompile Include="andGate.cpp" />
    <ClCompile Include="CircuitView.cpp" />
    <ClCompile Include="Clock.cpp" />
    <ClCompile Include="Gate.cpp" />
    <ClCompile Include="LineObject.cpp" />
    <ClCompile Include="LogicObject.cpp" />
    <ClCompile Include="LogicSimulator.cpp" />
    <ClCompile Include="LogicSimulatorDoc.cpp" />
    <ClCompile Include="LogicSimulatorView.cpp" />
    <ClCompile Include="MainFrm.cpp" />
    <ClCompile Include="MenuView.cpp" />
    <ClCompile Include="orGate.cpp" />
    <ClCompile Include="Pin.cpp" />
    <ClCompile Include="PropertyView.cpp" />
    <ClCompile Include="stdafx.cpp" />
  </ItemGroup>
  <ItemGroup>
    <ClInclude Include="andGate.h" />
    <ClInclude Include="CircuitView.h" />
    <ClInclude Include="Clock.h" />
    <ClInclude Include="Gate.h" />
    <ClInclude Include="LineObject.h" />
    <ClInclude Include="LogicObject.h" />
    <ClInclude Include="LogicSimulator.h" />
    <ClInclude Include="LogicSimulatorDoc.h" />
    <ClInclude Include="LogicSimulatorView.h" />
    <ClInclude Include="MainFrm.h" />
    <ClInclude Include="MenuView.h" />
    <ClInclude Include="name_repo.h" />
    <ClInclude Include="orGate.h" />
    <ClInclude Include="Pin.h" />
    <ClInclude Include="PropertyView.h" />
    <ClInclude Include="Resource.h" />
    <ClInclude Include="stdafx.h" />
    <ClInclude Include="targetver.h" />
  </ItemGroup>
  <ItemGroup>
    <ResourceCompile Include="LogicSimulator.rc" />
  </ItemGroup>
  <ItemGroup>
    <Image Include="res\andGate.gif" />
    <Image Include="res\bitmap1.bmp" />
    <Image Include="res\bitmap2.bmp" />
    <Image Include="res\icon1.ico" />
    <Image Include="res\LogicSimulator.ico" />
    <Image Include="res\LogicSimulatorDoc.ico" />
    <Image Include="res\Toolbar.bmp" />
  </ItemGroup>
  <ItemGroup>
    <None Include="LogicSimulator.reg" />
    <None Include="res\cursor1.cur" />
    <None Include="res\LogicSimulator.rc2" />
  </ItemGroup>
  <ItemGroup>
    <Text Include="ReadMe.txt" />
  </ItemGroup>
</Project>