<?xml version="1.0" encoding="utf-8"?>
<Project ToolsVersion="4.0" xmlns="http://schemas.microsoft.com/developer/msbuild/2003">
  <ItemGroup>
    <ClCompile Include="LogicObject.cpp">
      <Filter>소스 파일</Filter>
    </ClCompile>
    <ClCompile Include="LogicSimulatorView.cpp">
      <Filter>소스 파일</Filter>
    </ClCompile>
    <ClCompile Include="LogicSimulatorDoc.cpp">
      <Filter>소스 파일</Filter>
    </ClCompile>
    <ClCompile Include="LogicSimulator.cpp">
      <Filter>소스 파일</Filter>
    </ClCompile>
    <ClCompile Include="MainFrm.cpp">
      <Filter>소스 파일</Filter>
    </ClCompile>
    <ClCompile Include="stdafx.cpp">
      <Filter>소스 파일</Filter>
    </ClCompile>
    <ClCompile Include="Out.cpp">
      <Filter>Wiring</Filter>
    </ClCompile>
    <ClCompile Include="Pin.cpp">
      <Filter>Wiring</Filter>
    </ClCompile>
    <ClCompile Include="Wiring.cpp">
      <Filter>Wiring</Filter>
    </ClCompile>
    <ClCompile Include="Clock.cpp">
      <Filter>Wiring</Filter>
    </ClCompile>
    <ClCompile Include="CircuitView.cpp">
      <Filter>MainView</Filter>
    </ClCompile>
    <ClCompile Include="MenuView.cpp">
      <Filter>MainView</Filter>
    </ClCompile>
    <ClCompile Include="PropertyView.cpp">
      <Filter>MainView</Filter>
    </ClCompile>
    <ClCompile Include="LineObject.cpp">
      <Filter>Wiring</Filter>
    </ClCompile>
    <ClCompile Include="DFlipFlop.cpp">
      <Filter>FlipFlop</Filter>
    </ClCompile>
    <ClCompile Include="Gate.cpp">
      <Filter>Gate</Filter>
    </ClCompile>
    <ClCompile Include="andGate.cpp">
      <Filter>Gate</Filter>
    </ClCompile>
    <ClCompile Include="nandGate.cpp">
      <Filter>Gate</Filter>
    </ClCompile>
    <ClCompile Include="norGate.cpp">
      <Filter>Gate</Filter>
    </ClCompile>
    <ClCompile Include="notGate.cpp">
      <Filter>Gate</Filter>
    </ClCompile>
    <ClCompile Include="orGate.cpp">
      <Filter>Gate</Filter>
    </ClCompile>
    <ClCompile Include="xorGate.cpp">
      <Filter>Gate</Filter>
    </ClCompile>
    <ClCompile Include="FlipFlop.cpp">
      <Filter>FlipFlop</Filter>
    </ClCompile>
    <ClCompile Include="JKFlipFlop.cpp">
      <Filter>FlipFlop</Filter>
    </ClCompile>
    <ClCompile Include="TFlipFlop.cpp">
      <Filter>FlipFlop</Filter>
    </ClCompile>
    <ClCompile Include="LibraryBox.cpp">
      <Filter>소스 파일</Filter>
    </ClCompile>
    <ClCompile Include="Sevenseg.cpp">
      <Filter>Wiring</Filter>
    </ClCompile>
  </ItemGroup>
  <ItemGroup>
    <ClInclude Include="LogicSimulator.h">
      <Filter>헤더 파일</Filter>
    </ClInclude>
    <ClInclude Include="LogicObject.h">
      <Filter>헤더 파일</Filter>
    </ClInclude>
    <ClInclude Include="targetver.h">
      <Filter>헤더 파일</Filter>
    </ClInclude>
    <ClInclude Include="stdafx.h">
      <Filter>헤더 파일</Filter>
    </ClInclude>
    <ClInclude Include="MainFrm.h">
      <Filter>헤더 파일</Filter>
    </ClInclude>
    <ClInclude Include="LogicSimulatorDoc.h">
      <Filter>헤더 파일</Filter>
    </ClInclude>
    <ClInclude Include="LogicSimulatorView.h">
      <Filter>헤더 파일</Filter>
    </ClInclude>
    <ClInclude Include="Out.h">
      <Filter>Wiring</Filter>
    </ClInclude>
    <ClInclude Include="Clock.h">
      <Filter>Wiring</Filter>
    </ClInclude>
    <ClInclude Include="Pin.h">
      <Filter>Wiring</Filter>
    </ClInclude>
    <ClInclude Include="Wiring.h">
      <Filter>Wiring</Filter>
    </ClInclude>
    <ClInclude Include="CircuitView.h">
      <Filter>MainView</Filter>
    </ClInclude>
    <ClInclude Include="MenuView.h">
      <Filter>MainView</Filter>
    </ClInclude>
    <ClInclude Include="PropertyView.h">
      <Filter>MainView</Filter>
    </ClInclude>
    <ClInclude Include="LineObject.h">
      <Filter>Wiring</Filter>
    </ClInclude>
    <ClInclude Include="DFlipFlop.h">
      <Filter>FlipFlop</Filter>
    </ClInclude>
    <ClInclude Include="orGate.h">
      <Filter>Gate</Filter>
    </ClInclude>
    <ClInclude Include="notGate.h">
      <Filter>Gate</Filter>
    </ClInclude>
    <ClInclude Include="nandGate.h">
      <Filter>Gate</Filter>
    </ClInclude>
    <ClInclude Include="norGate.h">
      <Filter>Gate</Filter>
    </ClInclude>
    <ClInclude Include="andGate.h">
      <Filter>Gate</Filter>
    </ClInclude>
    <ClInclude Include="Gate.h">
      <Filter>Gate</Filter>
    </ClInclude>
    <ClInclude Include="xorGate.h">
      <Filter>Gate</Filter>
    </ClInclude>
    <ClInclude Include="FlipFlop.h">
      <Filter>FlipFlop</Filter>
    </ClInclude>
    <ClInclude Include="JKFlipFlop.h">
      <Filter>FlipFlop</Filter>
    </ClInclude>
    <ClInclude Include="TFlipFlop.h">
      <Filter>FlipFlop</Filter>
    </ClInclude>
    <ClInclude Include="LibraryBox.h">
      <Filter>헤더 파일</Filter>
    </ClInclude>
    <ClInclude Include="Resource.h">
      <Filter>리소스 파일</Filter>
    </ClInclude>
    <ClInclude Include="name_repo.h">
      <Filter>리소스 파일</Filter>
    </ClInclude>
    <ClInclude Include="Sevenseg.h">
      <Filter>Wiring</Filter>
    </ClInclude>
  </ItemGroup>
  <ItemGroup>
    <Image Include="res\LogicSimulatorDoc.ico">
      <Filter>리소스 파일</Filter>
    </Image>
    <Image Include="res\bitmap1.bmp">
      <Filter>리소스 파일</Filter>
    </Image>
    <Image Include="res\bitmap2.bmp">
      <Filter>리소스 파일</Filter>
    </Image>
    <Image Include="res\icon1.ico">
      <Filter>리소스 파일</Filter>
    </Image>
    <Image Include="res\LogicSimulator.ico">
      <Filter>리소스 파일</Filter>
    </Image>
    <Image Include="res\andGate.gif">
      <Filter>리소스 파일</Filter>
    </Image>
    <Image Include="res\Toolbar.bmp">
      <Filter>리소스 파일</Filter>
    </Image>
    <Image Include="res\bitmap3.bmp">
      <Filter>리소스 파일</Filter>
    </Image>
    <Image Include="res\bmp00001.bmp">
      <Filter>리소스 파일</Filter>
    </Image>
    <Image Include="res\bmp00002.bmp">
      <Filter>리소스 파일</Filter>
    </Image>
    <Image Include="res\bitmap4.bmp">
      <Filter>리소스 파일</Filter>
    </Image>
    <Image Include="res\bitmap5.bmp">
      <Filter>리소스 파일</Filter>
    </Image>
    <Image Include="res\bmp00003.bmp">
      <Filter>리소스 파일</Filter>
    </Image>
    <Image Include="res\gate.png">
      <Filter>리소스 파일</Filter>
    </Image>
    <Image Include="res\flipflop.png">
      <Filter>리소스 파일</Filter>
    </Image>
    <Image Include="res\bmp00004.bmp" />
  </ItemGroup>
  <ItemGroup>
    <None Include="res\cursor1.cur">
      <Filter>리소스 파일</Filter>
    </None>
    <None Include="res\LogicSimulator.rc2">
      <Filter>리소스 파일</Filter>
    </None>
    <None Include="LogicSimulator.reg">
      <Filter>리소스 파일</Filter>
    </None>
  </ItemGroup>
  <ItemGroup>
    <Text Include="ReadMe.txt" />
  </ItemGroup>
  <ItemGroup>
    <Filter Include="헤더 파일">
      <UniqueIdentifier>{edc5fcb5-eec0-4e1d-8f8e-06a96a684e31}</UniqueIdentifier>
    </Filter>
    <Filter Include="소스 파일">
      <UniqueIdentifier>{03985105-6c03-4929-8856-a77fcf5d2039}</UniqueIdentifier>
    </Filter>
    <Filter Include="리소스 파일">
      <UniqueIdentifier>{136238d9-0270-4f79-afc7-c23a5773762f}</UniqueIdentifier>
    </Filter>
    <Filter Include="Wiring">
      <UniqueIdentifier>{561100f3-894c-4e2d-bd10-73525fe00624}</UniqueIdentifier>
    </Filter>
    <Filter Include="MainView">
      <UniqueIdentifier>{4b030a4d-c5f9-46ea-bdca-0918bf48fbfa}</UniqueIdentifier>
    </Filter>
    <Filter Include="FlipFlop">
      <UniqueIdentifier>{000d137a-bdc8-453a-b298-cba06709f313}</UniqueIdentifier>
    </Filter>
    <Filter Include="Gate">
      <UniqueIdentifier>{d62886ef-2bad-44fb-8035-7ca2cfa90f7e}</UniqueIdentifier>
    </Filter>
  </ItemGroup>
  <ItemGroup>
    <ResourceCompile Include="LogicSimulator.rc">
      <Filter>리소스 파일</Filter>
    </ResourceCompile>
  </ItemGroup>
</Project>